
Microsoft Visual Studio Solution File, Format Version 12.00
# Visual Studio Version 16
VisualStudioVersion = 16.0.31613.86
MinimumVisualStudioVersion = 10.0.40219.1
Project("{FAE04EC0-301F-11D3-BF4B-00C04F79EFBC}") = "BootsTraap", "BootsTraap\BootsTraap.csproj", "{ABA983CF-14E3-4917-B86D-1A266AE89994}"
EndProject
Global
	GlobalSection(SolutionConfigurationPlatforms) = preSolution
		Debug|Any CPU = Debug|Any CPU
		Release|Any CPU = Release|Any CPU
	EndGlobalSection
	GlobalSection(ProjectConfigurationPlatforms) = postSolution
		{ABA983CF-14E3-4917-B86D-1A266AE89994}.Debug|Any CPU.ActiveCfg = Debug|Any CPU
		{ABA983CF-14E3-4917-B86D-1A266AE89994}.Debug|Any CPU.Build.0 = Debug|Any CPU
		{ABA983CF-14E3-4917-B86D-1A266AE89994}.Release|Any CPU.ActiveCfg = Release|Any CPU
		{ABA983CF-14E3-4917-B86D-1A266AE89994}.Release|Any CPU.Build.0 = Release|Any CPU
	EndGlobalSection
	GlobalSection(SolutionProperties) = preSolution
		HideSolutionNode = FALSE
	EndGlobalSection
	GlobalSection(ExtensibilityGlobals) = postSolution
		SolutionGuid = {5BFC1BA4-4149-4214-8580-9F8124F3AF59}
	EndGlobalSection
EndGlobal
